version = 1
revision = 3
requires-python = "==3.13.*"

[[package]]
name = "annotated-types"
version = "0.7.0"
source = { registry = "https://pypi.org/simple" }
sdist = { url = "https://files.pythonhosted.org/packages/ee/67/531ea369ba64dcff5ec9c3402f9f51bf748cec26dde048a2f973a4eea7f5/annotated_types-0.7.0.tar.gz", hash = "sha256:aff07c09a53a08bc8cfccb9c85b05f1aa9a2a6f23728d790723543408344ce89", size = 16081, upload-time = "2024-05-20T21:33:25.928Z" }
wheels = [
    { url = "https://files.pythonhosted.org/packages/78/b6/6307fbef88d9b5ee7421e68d78a9f162e0da4900bc5f5793f6d3d0e34fb8/annotated_types-0.7.0-py3-none-any.whl", hash = "sha256:1f02e8b43a8fbbc3f3e0d4f0f4bfc8131bcb4eebe8849b8e5c773f3a1c582a53", size = 13643, upload-time = "2024-05-20T21:33:24.1Z" },
]

[[package]]
name = "asyncpg"
version = "0.31.0"
source = { registry = "https://pypi.org/simple" }
sdist = { url = "https://files.pythonhosted.org/packages/fe/cc/d18065ce2380d80b1bcce927c24a2642efd38918e33fd724bc4bca904877/asyncpg-0.31.0.tar.gz", hash = "sha256:c989386c83940bfbd787180f2b1519415e2d3d6277a70d9d0f0145ac73500735", size = 993667, upload-time = "2025-11-24T23:27:00.812Z" }
wheels = [
    { url = "https://files.pythonhosted.org/packages/95/11/97b5c2af72a5d0b9bc3fa30cd4b9ce22284a9a943a150fdc768763caf035/asyncpg-0.31.0-cp313-cp313-macosx_10_13_x86_64.whl", hash = "sha256:c204fab1b91e08b0f47e90a75d1b3c62174dab21f670ad6c5d0f243a228f015b", size = 661111, upload-time = "2025-11-24T23:26:04.467Z" },
    { url = "https://files.pythonhosted.org/packages/1b/71/157d611c791a5e2d0423f09f027bd499935f0906e0c2a416ce712ba51ef3/asyncpg-0.31.0-cp313-cp313-macosx_11_0_arm64.whl", hash = "sha256:54a64f91839ba59008eccf7aad2e93d6e3de688d796f35803235ea1c4898ae1e", size = 636928, upload-time = "2025-11-24T23:26:05.944Z" },
    { url = "https://files.pythonhosted.org/packages/2e/fc/9e3486fb2bbe69d4a867c0b76d68542650a7ff1574ca40e84c3111bb0c6e/asyncpg-0.31.0-cp313-cp313-manylinux2014_aarch64.manylinux_2_17_aarch64.manylinux_2_28_aarch64.whl", hash = "sha256:c0e0822b1038dc7253b337b0f3f676cadc4ac31b126c5d42691c39691962e403", size = 3424067, upload-time = "2025-11-24T23:26:07.957Z" },
    { url = "https://files.pythonhosted.org/packages/12/c6/8c9d076f73f07f995013c791e018a1cd5f31823c2a3187fc8581706aa00f/asyncpg-0.31.0-cp313-cp313-manylinux2014_x86_64.manylinux_2_17_x86_64.manylinux_2_28_x86_64.whl", hash = "sha256:bef056aa502ee34204c161c72ca1f3c274917596877f825968368b2c33f585f4", size = 3518156, upload-time = "2025-11-24T23:26:09.591Z" },
    { url = "https://files.pythonhosted.org/packages/ae/3b/60683a0baf50fbc546499cfb53132cb6835b92b529a05f6a81471ab60d0c/asyncpg-0.31.0-cp313-cp313-musllinux_1_2_aarch64.whl", hash = "sha256:0bfbcc5b7ffcd9b75ab1558f00db2ae07db9c80637ad1b2469c43df79d7a5ae2", size = 3319636, upload-time = "2025-11-24T23:26:11.168Z" },
    { url = "https://files.pythonhosted.org/packages/50/dc/8487df0f69bd398a61e1792b3cba0e47477f214eff085ba0efa7eac9ce87/asyncpg-0.31.0-cp313-cp313-musllinux_1_2_x86_64.whl", hash = "sha256:22bc525ebbdc24d1261ecbf6f504998244d4e3be1721784b5f64664d61fbe602", size = 3472079, upload-time = "2025-11-24T23:26:13.164Z" },
    { url = "https://files.pythonhosted.org/packages/13/a1/c5bbeeb8531c05c89135cb8b28575ac2fac618bcb60119ee9696c3faf71c/asyncpg-0.31.0-cp313-cp313-win32.whl", hash = "sha256:f890de5e1e4f7e14023619399a471ce4b71f5418cd67a51853b9910fdfa73696", size = 527606, upload-time = "2025-11-24T23:26:14.78Z" },
    { url = "https://files.pythonhosted.org/packages/91/66/b25ccb84a246b470eb943b0107c07edcae51804912b824054b3413995a10/asyncpg-0.31.0-cp313-cp313-win_amd64.whl", hash = "sha256:dc5f2fa9916f292e5c5c8b2ac2813763bcd7f58e130055b4ad8a0531314201ab", size = 596569, upload-time = "2025-11-24T23:26:16.189Z" },
]

[[package]]
name = "certifi"
version = "2026.2.25"
source = { registry = "https://pypi.org/simple" }
sdist = { url = "https://files.pythonhosted.org/packages/af/2d/7bf41579a8986e348fa033a31cdd0e4121114f6bce2457e8876010b092dd/certifi-2026.2.25.tar.gz", hash = "sha256:e887ab5cee78ea814d3472169153c2d12cd43b14bd03329a39a9c6e2e80bfba7", size = 155029, upload-time = "2026-02-25T02:54:17.342Z" }
wheels = [
    { url = "https://files.pythonhosted.org/packages/9a/3c/c17fb3ca2d9c3acff52e30b309f538586f9f5b9c9cf454f3845fc9af4881/certifi-2026.2.25-py3-none-any.whl", hash = "sha256:027692e4402ad994f1c42e52a4997a9763c646b73e4096e4d5d6db8af1d6f0fa", size = 153684, upload-time = "2026-02-25T02:54:15.766Z" },
]

[[package]]
name = "charset-normalizer"
version = "3.4.7"
source = { registry = "https://pypi.org/simple" }
sdist = { url = "https://files.pythonhosted.org/packages/e7/a1/67fe25fac3c7642725500a3f6cfe5821ad557c3abb11c9d20d12c7008d3e/charset_normalizer-3.4.7.tar.gz", hash = "sha256:ae89db9e5f98a11a4bf50407d4363e7b09b31e55bc117b4f7d80aab97ba009e5", size = 144271, upload-time = "2026-04-02T09:28:39.342Z" }
wheels = [
    { url = "https://files.pythonhosted.org/packages/c1/3b/66777e39d3ae1ddc77ee606be4ec6d8cbd4c801f65e5a1b6f2b11b8346dd/charset_normalizer-3.4.7-cp313-cp313-macosx_10_13_universal2.whl", hash = "sha256:f496c9c3cc02230093d8330875c4c3cdfc3b73612a5fd921c65d39cbcef08063", size = 309627, upload-time = "2026-04-02T09:26:45.198Z" },
    { url = "https://files.pythonhosted.org/packages/2e/4e/b7f84e617b4854ade48a1b7915c8ccfadeba444d2a18c291f696e37f0d3b/charset_normalizer-3.4.7-cp313-cp313-manylinux2014_aarch64.manylinux_2_17_aarch64.manylinux_2_28_aarch64.whl", hash = "sha256:0ea948db76d31190bf08bd371623927ee1339d5f2a0b4b1b4a4439a65298703c", size = 207008, upload-time = "2026-04-02T09:26:46.824Z" },
    { url = "https://files.pythonhosted.org/packages/c4/bb/ec73c0257c9e11b268f018f068f5d00aa0ef8c8b09f7753ebd5f2880e248/charset_normalizer-3.4.7-cp313-cp313-manylinux2014_ppc64le.manylinux_2_17_ppc64le.manylinux_2_28_ppc64le.whl", hash = "sha256:a277ab8928b9f299723bc1a2dabb1265911b1a76341f90a510368ca44ad9ab66", size = 228303, upload-time = "2026-04-02T09:26:48.397Z" },
    { url = "https://files.pythonhosted.org/packages/85/fb/32d1f5033484494619f701e719429c69b766bfc4dbc61aa9e9c8c166528b/charset_normalizer-3.4.7-cp313-cp313-manylinux2014_s390x.manylinux_2_17_s390x.manylinux_2_28_s390x.whl", hash = "sha256:3bec022aec2c514d9cf199522a802bd007cd588ab17ab2525f20f9c34d067c18", size = 224282, upload-time = "2026-04-02T09:26:49.684Z" },
    { url = "https://files.pythonhosted.org/packages/fa/07/330e3a0dda4c404d6da83b327270906e9654a24f6c546dc886a0eb0ffb23/charset_normalizer-3.4.7-cp313-cp313-manylinux2014_x86_64.manylinux_2_17_x86_64.manylinux_2_28_x86_64.whl", hash = "sha256:e044c39e41b92c845bc815e5ae4230804e8e7bc29e399b0437d64222d92809dd", size = 215595, upload-time = "2026-04-02T09:26:50.915Z" },
    { url = "https://files.pythonhosted.org/packages/e3/7c/fc890655786e423f02556e0216d4b8c6bcb6bdfa890160dc66bf52dee468/charset_normalizer-3.4.7-cp313-cp313-manylinux_2_31_armv7l.whl", hash = "sha256:f495a1652cf3fbab2eb0639776dad966c2fb874d79d87ca07f9d5f059b8bd215", size = 201986, upload-time = "2026-04-02T09:26:52.197Z" },
    { url = "https://files.pythonhosted.org/packages/d8/97/bfb18b3db2aed3b90cf54dc292ad79fdd5ad65c4eae454099475cbeadd0d/charset_normalizer-3.4.7-cp313-cp313-manylinux_2_31_riscv64.manylinux_2_39_riscv64.whl", hash = "sha256:e712b419df8ba5e42b226c510472b37bd57b38e897d3eca5e8cfd410a29fa859", size = 211711, upload-time = "2026-04-02T09:26:53.49Z" },
    { url = "https://files.pythonhosted.org/packages/6f/a5/a581c13798546a7fd557c82614a5c65a13df2157e9ad6373166d2a3e645d/charset_normalizer-3.4.7-cp313-cp313-musllinux_1_2_aarch64.whl", hash = "sha256:7804338df6fcc08105c7745f1502ba68d900f45fd770d5bdd5288ddccb8a42d8", size = 210036, upload-time = "2026-04-02T09:26:54.975Z" },
    { url = "https://files.pythonhosted.org/packages/8c/bf/b3ab5bcb478e4193d517644b0fb2bf5497fbceeaa7a1bc0f4d5b50953861/charset_normalizer-3.4.7-cp313-cp313-musllinux_1_2_armv7l.whl", hash = "sha256:481551899c856c704d58119b5025793fa6730adda3571971af568f66d2424bb5", size = 202998, upload-time = "2026-04-02T09:26:56.303Z" },
    { url = "https://files.pythonhosted.org/packages/e7/4e/23efd79b65d314fa320ec6017b4b5834d5c12a58ba4610aa353af2e2f577/charset_normalizer-3.4.7-cp313-cp313-musllinux_1_2_ppc64le.whl", hash = "sha256:f59099f9b66f0d7145115e6f80dd8b1d847176df89b234a5a6b3f00437aa0832", size = 230056, upload-time = "2026-04-02T09:26:57.554Z" },
    { url = "https://files.pythonhosted.org/packages/b9/9f/1e1941bc3f0e01df116e68dc37a55c4d249df5e6fa77f008841aef68264f/charset_normalizer-3.4.7-cp313-cp313-musllinux_1_2_riscv64.whl", hash = "sha256:f59ad4c0e8f6bba240a9bb85504faa1ab438237199d4cce5f622761507b8f6a6", size = 211537, upload-time = "2026-04-02T09:26:58.843Z" },
    { url = "https://files.pythonhosted.org/packages/80/0f/088cbb3020d44428964a6c97fe1edfb1b9550396bf6d278330281e8b709c/charset_normalizer-3.4.7-cp313-cp313-musllinux_1_2_s390x.whl", hash = "sha256:3dedcc22d73ec993f42055eff4fcfed9318d1eeb9a6606c55892a26964964e48", size = 226176, upload-time = "2026-04-02T09:27:00.437Z" },
    { url = "https://files.pythonhosted.org/packages/6a/9f/130394f9bbe06f4f63e22641d32fc9b202b7e251c9aef4db044324dac493/charset_normalizer-3.4.7-cp313-cp313-musllinux_1_2_x86_64.whl", hash = "sha256:64f02c6841d7d83f832cd97ccf8eb8a906d06eb95d5276069175c696b024b60a", size = 217723, upload-time = "2026-04-02T09:27:02.021Z" },
    { url = "https://files.pythonhosted.org/packages/73/55/c469897448a06e49f8fa03f6caae97074fde823f432a98f979cc42b90e69/charset_normalizer-3.4.7-cp313-cp313-win32.whl", hash = "sha256:4042d5c8f957e15221d423ba781e85d553722fc4113f523f2feb7b188cc34c5e", size = 148085, upload-time = "2026-04-02T09:27:03.192Z" },
    { url = "https://files.pythonhosted.org/packages/5d/78/1b74c5bbb3f99b77a1715c91b3e0b5bdb6fe302d95ace4f5b1bec37b0167/charset_normalizer-3.4.7-cp313-cp313-win_amd64.whl", hash = "sha256:3946fa46a0cf3e4c8cb1cc52f56bb536310d34f25f01ca9b6c16afa767dab110", size = 158819, upload-time = "2026-04-02T09:27:04.454Z" },
    { url = "https://files.pythonhosted.org/packages/68/86/46bd42279d323deb8687c4a5a811fd548cb7d1de10cf6535d099877a9a9f/charset_normalizer-3.4.7-cp313-cp313-win_arm64.whl", hash = "sha256:80d04837f55fc81da168b98de4f4b797ef007fc8a79ab71c6ec9bc4dd662b15b", size = 147915, upload-time = "2026-04-02T09:27:05.971Z" },
    { url = "https://files.pythonhosted.org/packages/db/8f/61959034484a4a7c527811f4721e75d02d653a35afb0b6054474d8185d4c/charset_normalizer-3.4.7-py3-none-any.whl", hash = "sha256:3dce51d0f5e7951f8bb4900c257dad282f49190fdbebecd4ba99bcc41fef404d", size = 61958, upload-time = "2026-04-02T09:28:37.794Z" },
]

[[package]]
name = "colorama"
version = "0.4.6"
source = { registry = "https://pypi.org/simple" }
sdist = { url = "https://files.pythonhosted.org/packages/d8/53/6f443c9a4a8358a93a6792e2acffb9d9d5cb0a5cfd8802644b7b1c9a02e4/colorama-0.4.6.tar.gz", hash = "sha256:08695f5cb7ed6e0531a20572697297273c47b8cae5a63ffc6d6ed5c201be6e44", size = 27697, upload-time = "2022-10-25T02:36:22.414Z" }
wheels = [
    { url = "https://files.pythonhosted.org/packages/d1/d6/3965ed04c63042e047cb6a3e6ed1a63a35087b6a609aa3a15ed8ac56c221/colorama-0.4.6-py2.py3-none-any.whl", hash = "sha256:4f1d9991f5acc0ca119f9d443620b77f9d6b33703e51011c16baf57afb285fc6", size = 25335, upload-time = "2022-10-25T02:36:20.889Z" },
]

[[package]]
name = "docker"
version = "7.1.0"
source = { registry = "https://pypi.org/simple" }
dependencies = [
    { name = "pywin32", marker = "sys_platform == 'win32'" },
    { name = "requests" },
    { name = "urllib3" },
]
sdist = { url = "https://files.pythonhosted.org/packages/91/9b/4a2ea29aeba62471211598dac5d96825bb49348fa07e906ea930394a83ce/docker-7.1.0.tar.gz", hash = "sha256:ad8c70e6e3f8926cb8a92619b832b4ea5299e2831c14284663184e200546fa6c", size = 117834, upload-time = "2024-05-23T11:13:57.216Z" }
wheels = [
    { url = "https://files.pythonhosted.org/packages/e3/26/57c6fb270950d476074c087527a558ccb6f4436657314bfb6cdf484114c4/docker-7.1.0-py3-none-any.whl", hash = "sha256:c96b93b7f0a746f9e77d325bcfb87422a3d8bd4f03136ae8a85b37f1898d5fc0", size = 147774, upload-time = "2024-05-23T11:13:55.01Z" },
]

[[package]]
name = "dramatiq"
version = "2.1.0"
source = { registry = "https://pypi.org/simple" }
sdist = { url = "https://files.pythonhosted.org/packages/22/69/02b54e3fc4fe75721b322bc578054b4f03cec258ba614fa98a1a5bbe1efe/dramatiq-2.1.0.tar.gz", hash = "sha256:cf81550729de6cf64234b05bd63970645654aaf38967faa7a2b6e401384bb090", size = 105444, upload-time = "2026-03-03T11:22:10.067Z" }
wheels = [
    { url = "https://files.pythonhosted.org/packages/c2/91/422960c8c415fd31ca1519d71d6f7e4bcabb2cdcc5872f784467e9fe7237/dramatiq-2.1.0-py3-none-any.whl", hash = "sha256:3ef940c2815722d3679aed79ef96c805f02fd33d4361529b2de30f01511ca44d", size = 125543, upload-time = "2026-03-03T11:22:08.664Z" },
]

[package.optional-dependencies]
redis = [
    { name = "redis" },
]

[[package]]
name = "duckdb"
version = "1.4.1"
source = { registry = "https://pypi.org/simple" }
sdist = { url = "https://files.pythonhosted.org/packages/ea/e7/21cf50a3d52ffceee1f0bcc3997fa96a5062e6bab705baee4f6c4e33cce5/duckdb-1.4.1.tar.gz", hash = "sha256:f903882f045d057ebccad12ac69975952832edfe133697694854bb784b8d6c76", size = 18461687, upload-time = "2025-10-07T10:37:28.605Z" }
wheels = [
    { url = "https://files.pythonhosted.org/packages/d7/08/705988c33e38665c969f7876b3ca4328be578554aa7e3dc0f34158da3e64/duckdb-1.4.1-cp313-cp313-macosx_10_13_universal2.whl", hash = "sha256:46496a2518752ae0c6c5d75d4cdecf56ea23dd098746391176dd8e42cf157791", size = 29077070, upload-time = "2025-10-07T10:36:59.83Z" },
    { url = "https://files.pythonhosted.org/packages/99/c5/7c9165f1e6b9069441bcda4da1e19382d4a2357783d37ff9ae238c5c41ac/duckdb-1.4.1-cp313-cp313-macosx_10_13_x86_64.whl", hash = "sha256:1c65ae7e9b541cea07d8075343bcfebdecc29a3c0481aa6078ee63d51951cfcd", size = 16167506, upload-time = "2025-10-07T10:37:02.24Z" },
    { url = "https://files.pythonhosted.org/packages/38/46/267f4a570a0ee3ae6871ddc03435f9942884284e22a7ba9b7cb252ee69b6/duckdb-1.4.1-cp313-cp313-macosx_11_0_arm64.whl", hash = "sha256:598d1a314e34b65d9399ddd066ccce1eeab6a60a2ef5885a84ce5ed62dbaf729", size = 13762330, upload-time = "2025-10-07T10:37:04.581Z" },
    { url = "https://files.pythonhosted.org/packages/15/7b/c4f272a40c36d82df20937d93a1780eb39ab0107fe42b62cba889151eab9/duckdb-1.4.1-cp313-cp313-manylinux_2_27_aarch64.manylinux_2_28_aarch64.whl", hash = "sha256:e2f16b8def782d484a9f035fc422bb6f06941ed0054b4511ddcdc514a7fb6a75", size = 18504687, upload-time = "2025-10-07T10:37:06.991Z" },
    { url = "https://files.pythonhosted.org/packages/17/fc/9b958751f0116d7b0406406b07fa6f5a10c22d699be27826d0b896f9bf51/duckdb-1.4.1-cp313-cp313-manylinux_2_27_x86_64.manylinux_2_28_x86_64.whl", hash = "sha256:a5a7d0aed068a5c33622a8848857947cab5cfb3f2a315b1251849bac2c74c492", size = 20513823, upload-time = "2025-10-07T10:37:09.349Z" },
    { url = "https://files.pythonhosted.org/packages/30/79/4f544d73fcc0513b71296cb3ebb28a227d22e80dec27204977039b9fa875/duckdb-1.4.1-cp313-cp313-win_amd64.whl", hash = "sha256:280fd663dacdd12bb3c3bf41f3e5b2e5b95e00b88120afabb8b8befa5f335c6f", size = 12336460, upload-time = "2025-10-07T10:37:12.154Z" },
]

[[package]]
name = "idna"
version = "3.11"
source = { registry = "https://pypi.org/simple" }
sdist = { url = "https://files.pythonhosted.org/packages/6f/6d/0703ccc57f3a7233505399edb88de3cbd678da106337b9fcde432b65ed60/idna-3.11.tar.gz", hash = "sha256:795dafcc9c04ed0c1fb032c2aa73654d8e8c5023a7df64a53f39190ada629902", size = 194582, upload-time = "2025-10-12T14:55:20.501Z" }
wheels = [
    { url = "https://files.pythonhosted.org/packages/0e/61/66938bbb5fc52dbdf84594873d5b51fb1f7c7794e9c0f5bd885f30bc507b/idna-3.11-py3-none-any.whl", hash = "sha256:771a87f49d9defaf64091e6e6fe9c18d4833f140bd19464795bc32d966ca37ea", size = 71008, upload-time = "2025-10-12T14:55:18.883Z" },
]

[[package]]
name = "iniconfig"
version = "2.3.0"
source = { registry = "https://pypi.org/simple" }
sdist = { url = "https://files.pythonhosted.org/packages/72/34/14ca021ce8e5dfedc35312d08ba8bf51fdd999c576889fc2c24cb97f4f10/iniconfig-2.3.0.tar.gz", hash = "sha256:c76315c77db068650d49c5b56314774a7804df16fee4402c1f19d6d15d8c4730", size = 20503, upload-time = "2025-10-18T21:55:43.219Z" }
wheels = [
    { url = "https://files.pythonhosted.org/packages/cb/b1/3846dd7f199d53cb17f49cba7e651e9ce294d8497c8c150530ed11865bb8/iniconfig-2.3.0-py3-none-any.whl", hash = "sha256:f631c04d2c48c52b84d0d0549c99ff3859c98df65b3101406327ecc7d53fbf12", size = 7484, upload-time = "2025-10-18T21:55:41.639Z" },
]

[[package]]
name = "lxml"
version = "6.0.2"
source = { registry = "https://pypi.org/simple" }
sdist = { url = "https://files.pythonhosted.org/packages/aa/88/262177de60548e5a2bfc46ad28232c9e9cbde697bd94132aeb80364675cb/lxml-6.0.2.tar.gz", hash = "sha256:cd79f3367bd74b317dda655dc8fcfa304d9eb6e4fb06b7168c5cf27f96e0cd62", size = 4073426, upload-time = "2025-09-22T04:04:59.287Z" }
wheels = [
    { url = "https://files.pythonhosted.org/packages/53/fd/4e8f0540608977aea078bf6d79f128e0e2c2bba8af1acf775c30baa70460/lxml-6.0.2-cp313-cp313-macosx_10_13_universal2.whl", hash = "sha256:9b33d21594afab46f37ae58dfadd06636f154923c4e8a4d754b0127554eb2e77", size = 8648494, upload-time = "2025-09-22T04:01:54.242Z" },
    { url = "https://files.pythonhosted.org/packages/5d/f4/2a94a3d3dfd6c6b433501b8d470a1960a20ecce93245cf2db1706adf6c19/lxml-6.0.2-cp313-cp313-macosx_10_13_x86_64.whl", hash = "sha256:6c8963287d7a4c5c9a432ff487c52e9c5618667179c18a204bdedb27310f022f", size = 4661146, upload-time = "2025-09-22T04:01:56.282Z" },
    { url = "https://files.pythonhosted.org/packages/25/2e/4efa677fa6b322013035d38016f6ae859d06cac67437ca7dc708a6af7028/lxml-6.0.2-cp313-cp313-manylinux2014_aarch64.manylinux_2_17_aarch64.whl", hash = "sha256:1941354d92699fb5ffe6ed7b32f9649e43c2feb4b97205f75866f7d21aa91452", size = 4946932, upload-time = "2025-09-22T04:01:58.989Z" },
    { url = "https://files.pythonhosted.org/packages/ce/0f/526e78a6d38d109fdbaa5049c62e1d32fdd70c75fb61c4eadf3045d3d124/lxml-6.0.2-cp313-cp313-manylinux2014_x86_64.manylinux_2_17_x86_64.whl", hash = "sha256:bb2f6ca0ae2d983ded09357b84af659c954722bbf04dea98030064996d156048", size = 5100060, upload-time = "2025-09-22T04:02:00.812Z" },
    { url = "https://files.pythonhosted.org/packages/81/76/99de58d81fa702cc0ea7edae4f4640416c2062813a00ff24bd70ac1d9c9b/lxml-6.0.2-cp313-cp313-manylinux_2_26_aarch64.manylinux_2_28_aarch64.whl", hash = "sha256:eb2a12d704f180a902d7fa778c6d71f36ceb7b0d317f34cdc76a5d05aa1dd1df", size = 5019000, upload-time = "2025-09-22T04:02:02.671Z" },
    { url = "https://files.pythonhosted.org/packages/b5/35/9e57d25482bc9a9882cb0037fdb9cc18f4b79d85df94fa9d2a89562f1d25/lxml-6.0.2-cp313-cp313-manylinux_2_26_i686.manylinux_2_28_i686.whl", hash = "sha256:6ec0e3f745021bfed19c456647f0298d60a24c9ff86d9d051f52b509663feeb1", size = 5348496, upload-time = "2025-09-22T04:02:04.904Z" },
    { url = "https://files.pythonhosted.org/packages/a6/8e/cb99bd0b83ccc3e8f0f528e9aa1f7a9965dfec08c617070c5db8d63a87ce/lxml-6.0.2-cp313-cp313-manylinux_2_26_ppc64le.manylinux_2_28_ppc64le.whl", hash = "sha256:846ae9a12d54e368933b9759052d6206a9e8b250291109c48e350c1f1f49d916", size = 5643779, upload-time = "2025-09-22T04:02:06.689Z" },
    { url = "https://files.pythonhosted.org/packages/d0/34/9e591954939276bb679b73773836c6684c22e56d05980e31d52a9a8deb18/lxml-6.0.2-cp313-cp313-manylinux_2_26_x86_64.manylinux_2_28_x86_64.whl", hash = "sha256:ef9266d2aa545d7374938fb5c484531ef5a2ec7f2d573e62f8ce722c735685fd", size = 5244072, upload-time = "2025-09-22T04:02:08.587Z" },
    { url = "https://files.pythonhosted.org/packages/8d/27/b29ff065f9aaca443ee377aff699714fcbffb371b4fce5ac4ca759e436d5/lxml-6.0.2-cp313-cp313-manylinux_2_31_armv7l.whl", hash = "sha256:4077b7c79f31755df33b795dc12119cb557a0106bfdab0d2c2d97bd3cf3dffa6", size = 4718675, upload-time = "2025-09-22T04:02:10.783Z" },
    { url = "https://files.pythonhosted.org/packages/2b/9f/f756f9c2cd27caa1a6ef8c32ae47aadea697f5c2c6d07b0dae133c244fbe/lxml-6.0.2-cp313-cp313-manylinux_2_38_riscv64.manylinux_2_39_riscv64.whl", hash = "sha256:a7c5d5e5f1081955358533be077166ee97ed2571d6a66bdba6ec2f609a715d1a", size = 5255171, upload-time = "2025-09-22T04:02:12.631Z" },
    { url = "https://files.pythonhosted.org/packages/61/46/bb85ea42d2cb1bd8395484fd72f38e3389611aa496ac7772da9205bbda0e/lxml-6.0.2-cp313-cp313-musllinux_1_2_aarch64.whl", hash = "sha256:8f8d0cbd0674ee89863a523e6994ac25fd5be9c8486acfc3e5ccea679bad2679", size = 5057175, upload-time = "2025-09-22T04:02:14.718Z" },
    { url = "https://files.pythonhosted.org/packages/95/0c/443fc476dcc8e41577f0af70458c50fe299a97bb6b7505bb1ae09aa7f9ac/lxml-6.0.2-cp313-cp313-musllinux_1_2_armv7l.whl", hash = "sha256:2cbcbf6d6e924c28f04a43f3b6f6e272312a090f269eff68a2982e13e5d57659", size = 4785688, upload-time = "2025-09-22T04:02:16.957Z" },
    { url = "https://files.pythonhosted.org/packages/48/78/6ef0b359d45bb9697bc5a626e1992fa5d27aa3f8004b137b2314793b50a0/lxml-6.0.2-cp313-cp313-musllinux_1_2_ppc64le.whl", hash = "sha256:dfb874cfa53340009af6bdd7e54ebc0d21012a60a4e65d927c2e477112e63484", size = 5660655, upload-time = "2025-09-22T04:02:18.815Z" },
    { url = "https://files.pythonhosted.org/packages/ff/ea/e1d33808f386bc1339d08c0dcada6e4712d4ed8e93fcad5f057070b7988a/lxml-6.0.2-cp313-cp313-musllinux_1_2_riscv64.whl", hash = "sha256:fb8dae0b6b8b7f9e96c26fdd8121522ce5de9bb5538010870bd538683d30e9a2", size = 5247695, upload-time = "2025-09-22T04:02:20.593Z" },
    { url = "https://files.pythonhosted.org/packages/4f/47/eba75dfd8183673725255247a603b4ad606f4ae657b60c6c145b381697da/lxml-6.0.2-cp313-cp313-musllinux_1_2_x86_64.whl", hash = "sha256:358d9adae670b63e95bc59747c72f4dc97c9ec58881d4627fe0120da0f90d314", size = 5269841, upload-time = "2025-09-22T04:02:22.489Z" },
    { url = "https://files.pythonhosted.org/packages/76/04/5c5e2b8577bc936e219becb2e98cdb1aca14a4921a12995b9d0c523502ae/lxml-6.0.2-cp313-cp313-win32.whl", hash = "sha256:e8cd2415f372e7e5a789d743d133ae474290a90b9023197fd78f32e2dc6873e2", size = 3610700, upload-time = "2025-09-22T04:02:24.465Z" },
    { url = "https://files.pythonhosted.org/packages/fe/0a/4643ccc6bb8b143e9f9640aa54e38255f9d3b45feb2cbe7ae2ca47e8782e/lxml-6.0.2-cp313-cp313-win_amd64.whl", hash = "sha256:b30d46379644fbfc3ab81f8f82ae4de55179414651f110a1514f0b1f8f6cb2d7", size = 4010347, upload-time = "2025-09-22T04:02:26.286Z" },
    { url = "https://files.pythonhosted.org/packages/31/ef/dcf1d29c3f530577f61e5fe2f1bd72929acf779953668a8a47a479ae6f26/lxml-6.0.2-cp313-cp313-win_arm64.whl", hash = "sha256:13dcecc9946dca97b11b7c40d29fba63b55ab4170d3c0cf8c0c164343b9bfdcf", size = 3671248, upload-time = "2025-09-22T04:02:27.918Z" },
]

[[package]]
name = "packaging"
version = "26.1"
source = { registry = "https://pypi.org/simple" }
sdist = { url = "https://files.pythonhosted.org/packages/df/de/0d2b39fb4af88a0258f3bac87dfcbb48e73fbdea4a2ed0e2213f9a4c2f9a/packaging-26.1.tar.gz", hash = "sha256:f042152b681c4bfac5cae2742a55e103d27ab2ec0f3d88037136b6bfe7c9c5de", size = 215519, upload-time = "2026-04-14T21:12:49.362Z" }
wheels = [
    { url = "https://files.pythonhosted.org/packages/7a/c2/920ef838e2f0028c8262f16101ec09ebd5969864e5a64c4c05fad0617c56/packaging-26.1-py3-none-any.whl", hash = "sha256:5d9c0669c6285e491e0ced2eee587eaf67b670d94a19e94e3984a481aba6802f", size = 95831, upload-time = "2026-04-14T21:12:47.56Z" },
]

[[package]]
name = "pluggy"
version = "1.6.0"
source = { registry = "https://pypi.org/simple" }
sdist = { url = "https://files.pythonhosted.org/packages/f9/e2/3e91f31a7d2b083fe6ef3fa267035b518369d9511ffab804f839851d2779/pluggy-1.6.0.tar.gz", hash = "sha256:7dcc130b76258d33b90f61b658791dede3486c3e6bfb003ee5c9bfb396dd22f3", size = 69412, upload-time = "2025-05-15T12:30:07.975Z" }
wheels = [
    { url = "https://files.pythonhosted.org/packages/54/20/4d324d65cc6d9205fabedc306948156824eb9f0ee1633355a8f7ec5c66bf/pluggy-1.6.0-py3-none-any.whl", hash = "sha256:e920276dd6813095e9377c0bc5566d94c932c33b27a3e3945d8389c374dd4746", size = 20538, upload-time = "2025-05-15T12:30:06.134Z" },
]

[[package]]
name = "pydantic"
version = "2.13.2"
source = { registry = "https://pypi.org/simple" }
dependencies = [
    { name = "annotated-types" },
    { name = "pydantic-core" },
    { name = "typing-extensions" },
    { name = "typing-inspection" },
]
sdist = { url = "https://files.pythonhosted.org/packages/09/e5/06d23afac9973109d1e3c8ad38e1547a12e860610e327c05ee686827dc37/pydantic-2.13.2.tar.gz", hash = "sha256:b418196607e61081c3226dcd4f0672f2a194828abb9109e9cfb84026564df2d1", size = 843836, upload-time = "2026-04-17T09:31:59.636Z" }
wheels = [
    { url = "https://files.pythonhosted.org/packages/77/ca/b45c378e6e8d0b90577288b533e04e95b7afd61bb1d51b6c263176435489/pydantic-2.13.2-py3-none-any.whl", hash = "sha256:a525087f4c03d7e7456a3de89b64cd693d2229933bb1068b9af6befd5563694e", size = 471947, upload-time = "2026-04-17T09:31:57.541Z" },
]

[[package]]
name = "pydantic-core"
version = "2.46.2"
source = { registry = "https://pypi.org/simple" }
dependencies = [
    { name = "typing-extensions" },
]
sdist = { url = "https://files.pythonhosted.org/packages/43/bb/4742f05b739b2478459bb16fa8470549518c802e06ddcf3f106c5081315e/pydantic_core-2.46.2.tar.gz", hash = "sha256:37bb079f9ee3f1a519392b73fda2a96379b31f2013c6b467fe693e7f2987f596", size = 471269, upload-time = "2026-04-17T09:10:07.017Z" }
wheels = [
    { url = "https://files.pythonhosted.org/packages/07/2b/662e48254479a2d3450ba24b1e25061108b64339794232f503990c519144/pydantic_core-2.46.2-cp313-cp313-macosx_10_12_x86_64.whl", hash = "sha256:d26e9eea3715008a09a74585fe9becd0c67fbb145dc4df9756d597d7230a652c", size = 2101762, upload-time = "2026-04-17T09:10:13.87Z" },
    { url = "https://files.pythonhosted.org/packages/73/ab/bafd7c7503757ccc8ec4d1911e106fe474c629443648c51a88f08b0fe91a/pydantic_core-2.46.2-cp313-cp313-macosx_11_0_arm64.whl", hash = "sha256:48b36e3235140510dc7861f0cd58b714b1cdd3d48f75e10ce52e69866b746f10", size = 1951814, upload-time = "2026-04-17T09:12:25.934Z" },
    { url = "https://files.pythonhosted.org/packages/92/cc/7549c2d57ba2e9a42caa5861a2d398dbe31c02c6aca783253ace59ce84f8/pydantic_core-2.46.2-cp313-cp313-manylinux_2_17_aarch64.manylinux2014_aarch64.whl", hash = "sha256:36b1f99dc451f1a3981f236151465bcf995bbe712d0727c9f7b236fe228a8133", size = 1977329, upload-time = "2026-04-17T09:13:37.605Z" },
    { url = "https://files.pythonhosted.org/packages/18/50/7ed4a8a0d478a4dca8f0134a5efa7193f03cc8520dd4c9509339fb2e5002/pydantic_core-2.46.2-cp313-cp313-manylinux_2_17_armv7l.manylinux2014_armv7l.whl", hash = "sha256:8641c8d535c2d95b45c2e19b646ecd23ebba35d461e0ae48a3498277006250ab", size = 2051832, upload-time = "2026-04-17T09:12:49.771Z" },
    { url = "https://files.pythonhosted.org/packages/dc/16/bb35b193741c0298ddc5f5e4234269efdc0c65e2bcd198aa0de9b68845e4/pydantic_core-2.46.2-cp313-cp313-manylinux_2_17_ppc64le.manylinux2014_ppc64le.whl", hash = "sha256:20fb194788a0a50993e87013e693494ba183a2af5b44e99cf060bbae10912b11", size = 2233127, upload-time = "2026-04-17T09:11:04.449Z" },
    { url = "https://files.pythonhosted.org/packages/91/a5/98f4b637149185addea19e1785ea20c373cca31b202f589111d8209d9873/pydantic_core-2.46.2-cp313-cp313-manylinux_2_17_s390x.manylinux2014_s390x.whl", hash = "sha256:9262d11d0cd11ee3303a95156939402bed6cedfe5ed0e331b95a283a4da6eb8b", size = 2297418, upload-time = "2026-04-17T09:11:25.929Z" },
    { url = "https://files.pythonhosted.org/packages/36/90/93a5d21990b152da7b7507b7fddb0b935f6a0984d57ac3ec45a6e17777a2/pydantic_core-2.46.2-cp313-cp313-manylinux_2_17_x86_64.manylinux2014_x86_64.whl", hash = "sha256:ac204542736aa295fa25f713b7fad6fc50b46ab7764d16087575c85f085174f3", size = 2093735, upload-time = "2026-04-17T09:12:06.908Z" },
    { url = "https://files.pythonhosted.org/packages/14/22/b8b1ffdddf08b4e84380bcb67f41dbbf4c171377c1d36fc6290794bb2094/pydantic_core-2.46.2-cp313-cp313-manylinux_2_31_riscv64.whl", hash = "sha256:9a7c43a0584742dface3ca0daf6f719d46c1ac2f87cf080050f9ae052c75e1b2", size = 2127570, upload-time = "2026-04-17T09:11:53.906Z" },
    { url = "https://files.pythonhosted.org/packages/c6/26/e60d72b4e2d0ce1fa811044a974412ac1c567fe067d97b3e6b290530786e/pydantic_core-2.46.2-cp313-cp313-manylinux_2_5_i686.manylinux1_i686.whl", hash = "sha256:fd05e1edb6a90ad446fa268ab09e59202766b837597b714b2492db11ee87fab9", size = 2183524, upload-time = "2026-04-17T09:11:30.092Z" },
    { url = "https://files.pythonhosted.org/packages/35/32/36bec7584a1eefb17dec4dfa1c946d3fe4440f466c5705b8adfda69c9a9f/pydantic_core-2.46.2-cp313-cp313-musllinux_1_1_aarch64.whl", hash = "sha256:91155b110788b5501abc7ea954f1d08606219e4e28e3c73a94124307c06efb80", size = 2185408, upload-time = "2026-04-17T09:10:57.228Z" },
    { url = "https://files.pythonhosted.org/packages/fc/d6/1a5689d873620efd67d6b163db0c444c056adb0849b5bc33e2b9f09665a6/pydantic_core-2.46.2-cp313-cp313-musllinux_1_1_armv7l.whl", hash = "sha256:e4e2c72a529fa03ff228be1d2b76944013f428220b764e03cc50ada67e17a42c", size = 2335171, upload-time = "2026-04-17T09:11:43.369Z" },
    { url = "https://files.pythonhosted.org/packages/3e/8e/675104802abe8ef502b072050ee5f2e915251aa1a3af87e1015ce31ec42d/pydantic_core-2.46.2-cp313-cp313-musllinux_1_1_x86_64.whl", hash = "sha256:56291ec1a11c3499890c99a8fd9053b47e60fe837a77ec72c0671b1b8b3dce24", size = 2362743, upload-time = "2026-04-17T09:10:18.333Z" },
    { url = "https://files.pythonhosted.org/packages/8d/bc/86c5dde4fa6e24467680eef5047da3c1a19be0a527d0d8e14aa76b39307c/pydantic_core-2.46.2-cp313-cp313-win32.whl", hash = "sha256:b50f9c5f826ddca1246f055148df939f5f3f2d0d96db73de28e2233f22210d4c", size = 1958074, upload-time = "2026-04-17T09:12:38.622Z" },
    { url = "https://files.pythonhosted.org/packages/2a/97/2537e8c1282b2c4eb062580c0d7a4339e10b072b803d1ee0b7f1f0a5c22c/pydantic_core-2.46.2-cp313-cp313-win_amd64.whl", hash = "sha256:251a57788823230ca8cbc99e6245d1a2ed6e180ec4864f251c94182c580c7f2e", size = 2071741, upload-time = "2026-04-17T09:13:32.405Z" },
    { url = "https://files.pythonhosted.org/packages/da/aa/2ee75798706f9dbc4e76dbe59e41a396c5c311e3d6223b9cf6a5fa7780be/pydantic_core-2.46.2-cp313-cp313-win_arm64.whl", hash = "sha256:315d32d1a71494d6b4e1e14a9fa7a4329597b4c4340088ad7e1a9dafbeed92a9", size = 2025955, upload-time = "2026-04-17T09:10:15.567Z" },
]

[[package]]
name = "pydantic-settings"
version = "2.13.1"
source = { registry = "https://pypi.org/simple" }
dependencies = [
    { name = "pydantic" },
    { name = "python-dotenv" },
    { name = "typing-inspection" },
]
sdist = { url = "https://files.pythonhosted.org/packages/52/6d/fffca34caecc4a3f97bda81b2098da5e8ab7efc9a66e819074a11955d87e/pydantic_settings-2.13.1.tar.gz", hash = "sha256:b4c11847b15237fb0171e1462bf540e294affb9b86db4d9aa5c01730bdbe4025", size = 223826, upload-time = "2026-02-19T13:45:08.055Z" }
wheels = [
    { url = "https://files.pythonhosted.org/packages/00/4b/ccc026168948fec4f7555b9164c724cf4125eac006e176541483d2c959be/pydantic_settings-2.13.1-py3-none-any.whl", hash = "sha256:d56fd801823dbeae7f0975e1f8c8e25c258eb75d278ea7abb5d9cebb01b56237", size = 58929, upload-time = "2026-02-19T13:45:06.034Z" },
]

[[package]]
name = "pygments"
version = "2.20.0"
source = { registry = "https://pypi.org/simple" }
sdist = { url = "https://files.pythonhosted.org/packages/c3/b2/bc9c9196916376152d655522fdcebac55e66de6603a76a02bca1b6414f6c/pygments-2.20.0.tar.gz", hash = "sha256:6757cd03768053ff99f3039c1a36d6c0aa0b263438fcab17520b30a303a82b5f", size = 4955991, upload-time = "2026-03-29T13:29:33.898Z" }
wheels = [
    { url = "https://files.pythonhosted.org/packages/f4/7e/a72dd26f3b0f4f2bf1dd8923c85f7ceb43172af56d63c7383eb62b332364/pygments-2.20.0-py3-none-any.whl", hash = "sha256:81a9e26dd42fd28a23a2d169d86d7ac03b46e2f8b59ed4698fb4785f946d0176", size = 1231151, upload-time = "2026-03-29T13:29:30.038Z" },
]

[[package]]
name = "pytest"
version = "8.4.2"
source = { registry = "https://pypi.org/simple" }
dependencies = [
    { name = "colorama", marker = "sys_platform == 'win32'" },
    { name = "iniconfig" },
    { name = "packaging" },
    { name = "pluggy" },
    { name = "pygments" },
]
sdist = { url = "https://files.pythonhosted.org/packages/a3/5c/00a0e072241553e1a7496d638deababa67c5058571567b92a7eaa258397c/pytest-8.4.2.tar.gz", hash = "sha256:86c0d0b93306b961d58d62a4db4879f27fe25513d4b969df351abdddb3c30e01", size = 1519618, upload-time = "2025-09-04T14:34:22.711Z" }
wheels = [
    { url = "https://files.pythonhosted.org/packages/a8/a4/20da314d277121d6534b3a980b29035dcd51e6744bd79075a6ce8fa4eb8d/pytest-8.4.2-py3-none-any.whl", hash = "sha256:872f880de3fc3a5bdc88a11b39c9710c3497a547cfa9320bc3c5e62fbf272e79", size = 365750, upload-time = "2025-09-04T14:34:20.226Z" },
]

[[package]]
name = "pytest-asyncio"
version = "1.2.0"
source = { registry = "https://pypi.org/simple" }
dependencies = [
    { name = "pytest" },
]
sdist = { url = "https://files.pythonhosted.org/packages/42/86/9e3c5f48f7b7b638b216e4b9e645f54d199d7abbbab7a64a13b4e12ba10f/pytest_asyncio-1.2.0.tar.gz", hash = "sha256:c609a64a2a8768462d0c99811ddb8bd2583c33fd33cf7f21af1c142e824ffb57", size = 50119, upload-time = "2025-09-12T07:33:53.816Z" }
wheels = [
    { url = "https://files.pythonhosted.org/packages/04/93/2fa34714b7a4ae72f2f8dad66ba17dd9a2c793220719e736dda28b7aec27/pytest_asyncio-1.2.0-py3-none-any.whl", hash = "sha256:8e17ae5e46d8e7efe51ab6494dd2010f4ca8dae51652aa3c8d55acf50bfb2e99", size = 15095, upload-time = "2025-09-12T07:33:52.639Z" },
]

[[package]]
name = "python-dotenv"
version = "1.2.2"
source = { registry = "https://pypi.org/simple" }
sdist = { url = "https://files.pythonhosted.org/packages/82/ed/0301aeeac3e5353ef3d94b6ec08bbcabd04a72018415dcb29e588514bba8/python_dotenv-1.2.2.tar.gz", hash = "sha256:2c371a91fbd7ba082c2c1dc1f8bf89ca22564a087c2c287cd9b662adde799cf3", size = 50135, upload-time = "2026-03-01T16:00:26.196Z" }
wheels = [
    { url = "https://files.pythonhosted.org/packages/0b/d7/1959b9648791274998a9c3526f6d0ec8fd2233e4d4acce81bbae76b44b2a/python_dotenv-1.2.2-py3-none-any.whl", hash = "sha256:1d8214789a24de455a8b8bd8ae6fe3c6b69a5e3d64aa8a8e5d68e694bbcb285a", size = 22101, upload-time = "2026-03-01T16:00:25.09Z" },
]

[[package]]
name = "pywin32"
version = "311"
source = { registry = "https://pypi.org/simple" }
wheels = [
    { url = "https://files.pythonhosted.org/packages/a5/be/3fd5de0979fcb3994bfee0d65ed8ca9506a8a1260651b86174f6a86f52b3/pywin32-311-cp313-cp313-win32.whl", hash = "sha256:f95ba5a847cba10dd8c4d8fefa9f2a6cf283b8b88ed6178fa8a6c1ab16054d0d", size = 8705700, upload-time = "2025-07-14T20:13:26.471Z" },
    { url = "https://files.pythonhosted.org/packages/e3/28/e0a1909523c6890208295a29e05c2adb2126364e289826c0a8bc7297bd5c/pywin32-311-cp313-cp313-win_amd64.whl", hash = "sha256:718a38f7e5b058e76aee1c56ddd06908116d35147e133427e59a3983f703a20d", size = 9494700, upload-time = "2025-07-14T20:13:28.243Z" },
    { url = "https://files.pythonhosted.org/packages/04/bf/90339ac0f55726dce7d794e6d79a18a91265bdf3aa70b6b9ca52f35e022a/pywin32-311-cp313-cp313-win_arm64.whl", hash = "sha256:7b4075d959648406202d92a2310cb990fea19b535c7f4a78d3f5e10b926eeb8a", size = 8709318, upload-time = "2025-07-14T20:13:30.348Z" },
]

[[package]]
name = "redis"
version = "7.4.0"
source = { registry = "https://pypi.org/simple" }
sdist = { url = "https://files.pythonhosted.org/packages/7b/7f/3759b1d0d72b7c92f0d70ffd9dc962b7b7b5ee74e135f9d7d8ab06b8a318/redis-7.4.0.tar.gz", hash = "sha256:64a6ea7bf567ad43c964d2c30d82853f8df927c5c9017766c55a1d1ed95d18ad", size = 4943913, upload-time = "2026-03-24T09:14:37.53Z" }
wheels = [
    { url = "https://files.pythonhosted.org/packages/74/3a/95deec7db1eb53979973ebd156f3369a72732208d1391cd2e5d127062a32/redis-7.4.0-py3-none-any.whl", hash = "sha256:a9c74a5c893a5ef8455a5adb793a31bb70feb821c86eccb62eebef5a19c429ec", size = 409772, upload-time = "2026-03-24T09:14:35.968Z" },
]

[[package]]
name = "requests"
version = "2.33.1"
source = { registry = "https://pypi.org/simple" }
dependencies = [
    { name = "certifi" },
    { name = "charset-normalizer" },
    { name = "idna" },
    { name = "urllib3" },
]
sdist = { url = "https://files.pythonhosted.org/packages/5f/a4/98b9c7c6428a668bf7e42ebb7c79d576a1c3c1e3ae2d47e674b468388871/requests-2.33.1.tar.gz", hash = "sha256:18817f8c57c6263968bc123d237e3b8b08ac046f5456bd1e307ee8f4250d3517", size = 134120, upload-time = "2026-03-30T16:09:15.531Z" }
wheels = [
    { url = "https://files.pythonhosted.org/packages/d7/8e/7540e8a2036f79a125c1d2ebadf69ed7901608859186c856fa0388ef4197/requests-2.33.1-py3-none-any.whl", hash = "sha256:4e6d1ef462f3626a1f0a0a9c42dd93c63bad33f9f1c1937509b8c5c8718ab56a", size = 64947, upload-time = "2026-03-30T16:09:13.83Z" },
]

[[package]]
name = "solemd-graph-worker"
version = "0.1.0"
source = { editable = "." }
dependencies = [
    { name = "asyncpg" },
    { name = "dramatiq", extra = ["redis"] },
    { name = "duckdb" },
    { name = "lxml" },
    { name = "pydantic" },
    { name = "pydantic-settings" },
]

[package.dev-dependencies]
dev = [
    { name = "pytest" },
    { name = "pytest-asyncio" },
    { name = "testcontainers" },
]

[package.metadata]
requires-dist = [
    { name = "asyncpg", specifier = "==0.31.0" },
    { name = "dramatiq", extras = ["redis"], specifier = "==2.1.0" },
    { name = "duckdb", specifier = "==1.4.1" },
    { name = "lxml", specifier = "==6.0.2" },
    { name = "pydantic", specifier = "==2.13.2" },
    { name = "pydantic-settings", specifier = "==2.13.1" },
]

[package.metadata.requires-dev]
dev = [
    { name = "pytest", specifier = "==8.4.2" },
    { name = "pytest-asyncio", specifier = "==1.2.0" },
    { name = "testcontainers", specifier = "==4.13.2" },
]

[[package]]
name = "testcontainers"
version = "4.13.2"
source = { registry = "https://pypi.org/simple" }
dependencies = [
    { name = "docker" },
    { name = "python-dotenv" },
    { name = "typing-extensions" },
    { name = "urllib3" },
    { name = "wrapt" },
]
sdist = { url = "https://files.pythonhosted.org/packages/18/51/edac83edab339d8b4dce9a7b659163afb1ea7e011bfed1d5573d495a4485/testcontainers-4.13.2.tar.gz", hash = "sha256:2315f1e21b059427a9d11e8921f85fef322fbe0d50749bcca4eaa11271708ba4", size = 78692, upload-time = "2025-10-07T21:53:07.531Z" }
wheels = [
    { url = "https://files.pythonhosted.org/packages/2a/5e/73aa94770f1df0595364aed526f31d54440db5492911e2857318ed326e51/testcontainers-4.13.2-py3-none-any.whl", hash = "sha256:0209baf8f4274b568cde95bef2cadf7b1d33b375321f793790462e235cd684ee", size = 124771, upload-time = "2025-10-07T21:53:05.937Z" },
]

[[package]]
name = "typing-extensions"
version = "4.15.0"
source = { registry = "https://pypi.org/simple" }
sdist = { url = "https://files.pythonhosted.org/packages/72/94/1a15dd82efb362ac84269196e94cf00f187f7ed21c242792a923cdb1c61f/typing_extensions-4.15.0.tar.gz", hash = "sha256:0cea48d173cc12fa28ecabc3b837ea3cf6f38c6d1136f85cbaaf598984861466", size = 109391, upload-time = "2025-08-25T13:49:26.313Z" }
wheels = [
    { url = "https://files.pythonhosted.org/packages/18/67/36e9267722cc04a6b9f15c7f3441c2363321a3ea07da7ae0c0707beb2a9c/typing_extensions-4.15.0-py3-none-any.whl", hash = "sha256:f0fa19c6845758ab08074a0cfa8b7aecb71c999ca73d62883bc25cc018c4e548", size = 44614, upload-time = "2025-08-25T13:49:24.86Z" },
]

[[package]]
name = "typing-inspection"
version = "0.4.2"
source = { registry = "https://pypi.org/simple" }
dependencies = [
    { name = "typing-extensions" },
]
sdist = { url = "https://files.pythonhosted.org/packages/55/e3/70399cb7dd41c10ac53367ae42139cf4b1ca5f36bb3dc6c9d33acdb43655/typing_inspection-0.4.2.tar.gz", hash = "sha256:ba561c48a67c5958007083d386c3295464928b01faa735ab8547c5692e87f464", size = 75949, upload-time = "2025-10-01T02:14:41.687Z" }
wheels = [
    { url = "https://files.pythonhosted.org/packages/dc/9b/47798a6c91d8bdb567fe2698fe81e0c6b7cb7ef4d13da4114b41d239f65d/typing_inspection-0.4.2-py3-none-any.whl", hash = "sha256:4ed1cacbdc298c220f1bd249ed5287caa16f34d44ef4e9c3d0cbad5b521545e7", size = 14611, upload-time = "2025-10-01T02:14:40.154Z" },
]

[[package]]
name = "urllib3"
version = "2.6.3"
source = { registry = "https://pypi.org/simple" }
sdist = { url = "https://files.pythonhosted.org/packages/c7/24/5f1b3bdffd70275f6661c76461e25f024d5a38a46f04aaca912426a2b1d3/urllib3-2.6.3.tar.gz", hash = "sha256:1b62b6884944a57dbe321509ab94fd4d3b307075e0c2eae991ac71ee15ad38ed", size = 435556, upload-time = "2026-01-07T16:24:43.925Z" }
wheels = [
    { url = "https://files.pythonhosted.org/packages/39/08/aaaad47bc4e9dc8c725e68f9d04865dbcb2052843ff09c97b08904852d84/urllib3-2.6.3-py3-none-any.whl", hash = "sha256:bf272323e553dfb2e87d9bfd225ca7b0f467b919d7bbd355436d3fd37cb0acd4", size = 131584, upload-time = "2026-01-07T16:24:42.685Z" },
]

[[package]]
name = "wrapt"
version = "2.1.2"
source = { registry = "https://pypi.org/simple" }
sdist = { url = "https://files.pythonhosted.org/packages/2e/64/925f213fdcbb9baeb1530449ac71a4d57fc361c053d06bf78d0c5c7cd80c/wrapt-2.1.2.tar.gz", hash = "sha256:3996a67eecc2c68fd47b4e3c564405a5777367adfd9b8abb58387b63ee83b21e", size = 81678, upload-time = "2026-03-06T02:53:25.134Z" }
wheels = [
    { url = "https://files.pythonhosted.org/packages/4c/7a/d936840735c828b38d26a854e85d5338894cda544cb7a85a9d5b8b9c4df7/wrapt-2.1.2-cp313-cp313-macosx_10_13_x86_64.whl", hash = "sha256:787fd6f4d67befa6fe2abdffcbd3de2d82dfc6fb8a6d850407c53332709d030b", size = 61259, upload-time = "2026-03-06T02:53:41.922Z" },
    { url = "https://files.pythonhosted.org/packages/5e/88/9a9b9a90ac8ca11c2fdb6a286cb3a1fc7dd774c00ed70929a6434f6bc634/wrapt-2.1.2-cp313-cp313-macosx_11_0_arm64.whl", hash = "sha256:4bdf26e03e6d0da3f0e9422fd36bcebf7bc0eeb55fdf9c727a09abc6b9fe472e", size = 61851, upload-time = "2026-03-06T02:52:48.672Z" },
    { url = "https://files.pythonhosted.org/packages/03/a9/5b7d6a16fd6533fed2756900fc8fc923f678179aea62ada6d65c92718c00/wrapt-2.1.2-cp313-cp313-manylinux1_x86_64.manylinux_2_28_x86_64.manylinux_2_5_x86_64.whl", hash = "sha256:bbac24d879aa22998e87f6b3f481a5216311e7d53c7db87f189a7a0266dafffb", size = 121446, upload-time = "2026-03-06T02:54:14.013Z" },
    { url = "https://files.pythonhosted.org/packages/45/bb/34c443690c847835cfe9f892be78c533d4f32366ad2888972c094a897e39/wrapt-2.1.2-cp313-cp313-manylinux2014_aarch64.manylinux_2_17_aarch64.manylinux_2_28_aarch64.whl", hash = "sha256:16997dfb9d67addc2e3f41b62a104341e80cac52f91110dece393923c0ebd5ca", size = 123056, upload-time = "2026-03-06T02:54:10.829Z" },
    { url = "https://files.pythonhosted.org/packages/93/b9/ff205f391cb708f67f41ea148545f2b53ff543a7ac293b30d178af4d2271/wrapt-2.1.2-cp313-cp313-manylinux_2_31_riscv64.manylinux_2_39_riscv64.whl", hash = "sha256:162e4e2ba7542da9027821cb6e7c5e068d64f9a10b5f15512ea28e954893a267", size = 117359, upload-time = "2026-03-06T02:53:03.623Z" },
    { url = "https://files.pythonhosted.org/packages/1f/3d/1ea04d7747825119c3c9a5e0874a40b33594ada92e5649347c457d982805/wrapt-2.1.2-cp313-cp313-musllinux_1_2_aarch64.whl", hash = "sha256:f29c827a8d9936ac320746747a016c4bc66ef639f5cd0d32df24f5eacbf9c69f", size = 121479, upload-time = "2026-03-06T02:53:45.844Z" },
    { url = "https://files.pythonhosted.org/packages/78/cc/ee3a011920c7a023b25e8df26f306b2484a531ab84ca5c96260a73de76c0/wrapt-2.1.2-cp313-cp313-musllinux_1_2_riscv64.whl", hash = "sha256:a9dd9813825f7ecb018c17fd147a01845eb330254dff86d3b5816f20f4d6aaf8", size = 116271, upload-time = "2026-03-06T02:54:46.356Z" },
    { url = "https://files.pythonhosted.org/packages/98/fd/e5ff7ded41b76d802cf1191288473e850d24ba2e39a6ec540f21ae3b57cb/wrapt-2.1.2-cp313-cp313-musllinux_1_2_x86_64.whl", hash = "sha256:6f8dbdd3719e534860d6a78526aafc220e0241f981367018c2875178cf83a413", size = 120573, upload-time = "2026-03-06T02:52:50.163Z" },
    { url = "https://files.pythonhosted.org/packages/47/c5/242cae3b5b080cd09bacef0591691ba1879739050cc7c801ff35c8886b66/wrapt-2.1.2-cp313-cp313-win32.whl", hash = "sha256:5c35b5d82b16a3bc6e0a04349b606a0582bc29f573786aebe98e0c159bc48db6", size = 58205, upload-time = "2026-03-06T02:53:47.494Z" },
    { url = "https://files.pythonhosted.org/packages/12/69/c358c61e7a50f290958809b3c61ebe8b3838ea3e070d7aac9814f95a0528/wrapt-2.1.2-cp313-cp313-win_amd64.whl", hash = "sha256:f8bc1c264d8d1cf5b3560a87bbdd31131573eb25f9f9447bb6252b8d4c44a3a1", size = 60452, upload-time = "2026-03-06T02:53:30.038Z" },
    { url = "https://files.pythonhosted.org/packages/8e/66/c8a6fcfe321295fd8c0ab1bd685b5a01462a9b3aa2f597254462fc2bc975/wrapt-2.1.2-cp313-cp313-win_arm64.whl", hash = "sha256:3beb22f674550d5634642c645aba4c72a2c66fb185ae1aebe1e955fae5a13baf", size = 58842, upload-time = "2026-03-06T02:52:52.114Z" },
    { url = "https://files.pythonhosted.org/packages/da/55/9c7052c349106e0b3f17ae8db4b23a691a963c334de7f9dbd60f8f74a831/wrapt-2.1.2-cp313-cp313t-macosx_10_13_x86_64.whl", hash = "sha256:0fc04bc8664a8bc4c8e00b37b5355cffca2535209fba1abb09ae2b7c76ddf82b", size = 63075, upload-time = "2026-03-06T02:53:19.108Z" },
    { url = "https://files.pythonhosted.org/packages/09/a8/ce7b4006f7218248dd71b7b2b732d0710845a0e49213b18faef64811ffef/wrapt-2.1.2-cp313-cp313t-macosx_11_0_arm64.whl", hash = "sha256:a9b9d50c9af998875a1482a038eb05755dfd6fe303a313f6a940bb53a83c3f18", size = 63719, upload-time = "2026-03-06T02:54:33.452Z" },
    { url = "https://files.pythonhosted.org/packages/e4/e5/2ca472e80b9e2b7a17f106bb8f9df1db11e62101652ce210f66935c6af67/wrapt-2.1.2-cp313-cp313t-manylinux1_x86_64.manylinux_2_28_x86_64.manylinux_2_5_x86_64.whl", hash = "sha256:2d3ff4f0024dd224290c0eabf0240f1bfc1f26363431505fb1b0283d3b08f11d", size = 152643, upload-time = "2026-03-06T02:52:42.721Z" },
    { url = "https://files.pythonhosted.org/packages/36/42/30f0f2cefca9d9cbf6835f544d825064570203c3e70aa873d8ae12e23791/wrapt-2.1.2-cp313-cp313t-manylinux2014_aarch64.manylinux_2_17_aarch64.manylinux_2_28_aarch64.whl", hash = "sha256:3278c471f4468ad544a691b31bb856374fbdefb7fee1a152153e64019379f015", size = 158805, upload-time = "2026-03-06T02:54:25.441Z" },
    { url = "https://files.pythonhosted.org/packages/bb/67/d08672f801f604889dcf58f1a0b424fe3808860ede9e03affc1876b295af/wrapt-2.1.2-cp313-cp313t-manylinux_2_31_riscv64.manylinux_2_39_riscv64.whl", hash = "sha256:a8914c754d3134a3032601c6984db1c576e6abaf3fc68094bb8ab1379d75ff92", size = 145990, upload-time = "2026-03-06T02:53:57.456Z" },
    { url = "https://files.pythonhosted.org/packages/68/a7/fd371b02e73babec1de6ade596e8cd9691051058cfdadbfd62a5898f3295/wrapt-2.1.2-cp313-cp313t-musllinux_1_2_aarch64.whl", hash = "sha256:ff95d4264e55839be37bafe1536db2ab2de19da6b65f9244f01f332b5286cfbf", size = 155670, upload-time = "2026-03-06T02:54:55.309Z" },
    { url = "https://files.pythonhosted.org/packages/86/2d/9fe0095dfdb621009f40117dcebf41d7396c2c22dca6eac779f4c007b86c/wrapt-2.1.2-cp313-cp313t-musllinux_1_2_riscv64.whl", hash = "sha256:76405518ca4e1b76fbb1b9f686cff93aebae03920cc55ceeec48ff9f719c5f67", size = 144357, upload-time = "2026-03-06T02:54:24.092Z" },
    { url = "https://files.pythonhosted.org/packages/0e/b6/ec7b4a254abbe4cde9fa15c5d2cca4518f6b07d0f1b77d4ee9655e30280e/wrapt-2.1.2-cp313-cp313t-musllinux_1_2_x86_64.whl", hash = "sha256:c0be8b5a74c5824e9359b53e7e58bef71a729bacc82e16587db1c4ebc91f7c5a", size = 150269, upload-time = "2026-03-06T02:53:31.268Z" },
    { url = "https://files.pythonhosted.org/packages/6e/6b/2fabe8ebf148f4ee3c782aae86a795cc68ffe7d432ef550f234025ce0cfa/wrapt-2.1.2-cp313-cp313t-win32.whl", hash = "sha256:f01277d9a5fc1862f26f7626da9cf443bebc0abd2f303f41c5e995b15887dabd", size = 59894, upload-time = "2026-03-06T02:54:15.391Z" },
    { url = "https://files.pythonhosted.org/packages/ca/fb/9ba66fc2dedc936de5f8073c0217b5d4484e966d87723415cc8262c5d9c2/wrapt-2.1.2-cp313-cp313t-win_amd64.whl", hash = "sha256:84ce8f1c2104d2f6daa912b1b5b039f331febfeee74f8042ad4e04992bd95c8f", size = 63197, upload-time = "2026-03-06T02:54:41.943Z" },
    { url = "https://files.pythonhosted.org/packages/c0/1c/012d7423c95d0e337117723eb8ecf73c622ce15a97847e84cf3f8f26cd7e/wrapt-2.1.2-cp313-cp313t-win_arm64.whl", hash = "sha256:a93cd767e37faeddbe07d8fc4212d5cba660af59bdb0f6372c93faaa13e6e679", size = 60363, upload-time = "2026-03-06T02:54:48.093Z" },
    { url = "https://files.pythonhosted.org/packages/1a/c7/8528ac2dfa2c1e6708f647df7ae144ead13f0a31146f43c7264b4942bf12/wrapt-2.1.2-py3-none-any.whl", hash = "sha256:b8fd6fa2b2c4e7621808f8c62e8317f4aae56e59721ad933bac5239d913cf0e8", size = 43993, upload-time = "2026-03-06T02:53:12.905Z" },
]
